
Microsoft Visual Studio Solution File, Format Version 12.00
# Visual Studio Version 17
VisualStudioVersion = 17.7.34009.444
MinimumVisualStudioVersion = 10.0.40219.1
Project("{FAE04EC0-301F-11D3-BF4B-00C04F79EFBC}") = "FileExplore", "FileExplore\FileExplore.csproj", "{71FD302C-4A3C-4A46-8E11-2E4C678AABB5}"
EndProject
Global
	GlobalSection(SolutionConfigurationPlatforms) = preSolution
		Debug|Any CPU = Debug|Any CPU
		Release|Any CPU = Release|Any CPU
	EndGlobalSection
	GlobalSection(ProjectConfigurationPlatforms) = postSolution
		{71FD302C-4A3C-4A46-8E11-2E4C678AABB5}.Debug|Any CPU.ActiveCfg = Debug|Any CPU
		{71FD302C-4A3C-4A46-8E11-2E4C678AABB5}.Debug|Any CPU.Build.0 = Debug|Any CPU
		{71FD302C-4A3C-4A46-8E11-2E4C678AABB5}.Release|Any CPU.ActiveCfg = Release|Any CPU
		{71FD302C-4A3C-4A46-8E11-2E4C678AABB5}.Release|Any CPU.Build.0 = Release|Any CPU
	EndGlobalSection
	GlobalSection(SolutionProperties) = preSolution
		HideSolutionNode = FALSE
	EndGlobalSection
	GlobalSection(ExtensibilityGlobals) = postSolution
		SolutionGuid = {2B86DFE1-728A-4B8E-A681-01E56F7B7A8C}
	EndGlobalSection
EndGlobal
