
Microsoft Visual Studio Solution File, Format Version 12.00
# Visual Studio Version 17
VisualStudioVersion = 17.7.34009.444
MinimumVisualStudioVersion = 10.0.40219.1
Project("{FAE04EC0-301F-11D3-BF4B-00C04F79EFBC}") = "TestPreparation", "TestPreparation\TestPreparation.csproj", "{1F46FD92-5FAC-4211-8045-42A413D3AA65}"
EndProject
Global
	GlobalSection(SolutionConfigurationPlatforms) = preSolution
		Debug|Any CPU = Debug|Any CPU
		Release|Any CPU = Release|Any CPU
	EndGlobalSection
	GlobalSection(ProjectConfigurationPlatforms) = postSolution
		{1F46FD92-5FAC-4211-8045-42A413D3AA65}.Debug|Any CPU.ActiveCfg = Debug|Any CPU
		{1F46FD92-5FAC-4211-8045-42A413D3AA65}.Debug|Any CPU.Build.0 = Debug|Any CPU
		{1F46FD92-5FAC-4211-8045-42A413D3AA65}.Release|Any CPU.ActiveCfg = Release|Any CPU
		{1F46FD92-5FAC-4211-8045-42A413D3AA65}.Release|Any CPU.Build.0 = Release|Any CPU
	EndGlobalSection
	GlobalSection(SolutionProperties) = preSolution
		HideSolutionNode = FALSE
	EndGlobalSection
	GlobalSection(ExtensibilityGlobals) = postSolution
		SolutionGuid = {4DA7658F-B524-4219-AB41-785C8A0317C3}
	EndGlobalSection
EndGlobal
