
Microsoft Visual Studio Solution File, Format Version 12.00
# Visual Studio Version 17
VisualStudioVersion = 17.7.34009.444
MinimumVisualStudioVersion = 10.0.40219.1
Project("{FAE04EC0-301F-11D3-BF4B-00C04F79EFBC}") = "BankVerification", "BankVerification\BankVerification.csproj", "{35A7A234-DEA5-4B86-A39D-4488E32E1C90}"
EndProject
Global
	GlobalSection(SolutionConfigurationPlatforms) = preSolution
		Debug|Any CPU = Debug|Any CPU
		Release|Any CPU = Release|Any CPU
	EndGlobalSection
	GlobalSection(ProjectConfigurationPlatforms) = postSolution
		{35A7A234-DEA5-4B86-A39D-4488E32E1C90}.Debug|Any CPU.ActiveCfg = Debug|Any CPU
		{35A7A234-DEA5-4B86-A39D-4488E32E1C90}.Debug|Any CPU.Build.0 = Debug|Any CPU
		{35A7A234-DEA5-4B86-A39D-4488E32E1C90}.Release|Any CPU.ActiveCfg = Release|Any CPU
		{35A7A234-DEA5-4B86-A39D-4488E32E1C90}.Release|Any CPU.Build.0 = Release|Any CPU
	EndGlobalSection
	GlobalSection(SolutionProperties) = preSolution
		HideSolutionNode = FALSE
	EndGlobalSection
	GlobalSection(ExtensibilityGlobals) = postSolution
		SolutionGuid = {26A3C26A-10C1-4E41-8B20-E266C9A02200}
	EndGlobalSection
EndGlobal
